# This file is automatically @generated by Poetry 2.4.1 and should not be changed by hand.

[[package]]
name = "nodeenv"
version = "1.10.0"
description = "Node.js virtual environment builder"
optional = false
python-versions = "!=3.0.*,!=3.1.*,!=3.2.*,!=3.3.*,!=3.4.*,!=3.5.*,!=3.6.*,>=2.7"
groups = ["main"]
files = [
    {file = "nodeenv-1.10.0-py2.py3-none-any.whl", hash = "sha256:5bb13e3eed2923615535339b3c620e76779af4cb4c6a90deccc9e36b274d3827"},
    {file = "nodeenv-1.10.0.tar.gz", hash = "sha256:996c191ad80897d076bdfba80a41994c2b47c68e224c542b48feba42ba00f8bb"},
]

[[package]]
name = "pyright"
version = "1.1.411"
description = "Command line wrapper for pyright"
optional = false
python-versions = ">=3.7"
groups = ["main"]
files = [
    {file = "pyright-1.1.411-py3-none-any.whl", hash = "sha256:dc7c72a8e2700c55baa127554040e067041ea53ccfd50bf96308cc4291c7d5d9"},
    {file = "pyright-1.1.411.tar.gz", hash = "sha256:d885a0551f2e763b089a02702174e7f4ba77548cddabc972ab86d1f7f1b0f998"},
]

[package.dependencies]
nodeenv = ">=1.6.0"
typing-extensions = ">=4.1"

[package.extras]
all = ["nodejs-wheel-binaries", "twine (>=3.4.1)"]
dev = ["twine (>=3.4.1)"]
nodejs = ["nodejs-wheel-binaries"]

[[package]]
name = "scons"
version = "4.10.1"
description = "Open Source next-generation build tool."
optional = false
python-versions = ">=3.7"
groups = ["main"]
files = [
    {file = "scons-4.10.1-py3-none-any.whl", hash = "sha256:bd9d1c52f908d874eba92a8c0c0a8dcf2ed9f3b88ab956d0fce1da479c4e7126"},
    {file = "scons-4.10.1.tar.gz", hash = "sha256:99c0e94a42a2c1182fa6859b0be697953db07ba936ecc9817ae0d218ced20b15"},
]

[package.extras]
dev = ["lxml (<5) ; sys_platform != \"win32\" and python_version < \"3.13\"", "ninja", "psutil"]
pkg = ["build", "ninja", "packaging", "psutil", "readme-renderer", "rst2pdf", "sphinx", "sphinx-book-theme", "twine"]

[[package]]
name = "typing-extensions"
version = "4.16.0"
description = "Backported and Experimental Type Hints for Python 3.9+"
optional = false
python-versions = ">=3.9"
groups = ["main"]
files = [
    {file = "typing_extensions-4.16.0-py3-none-any.whl", hash = "sha256:481caa481374e813c1b176ada14e97f1f67a4539ce9cfeb3f350d78d6370c2e8"},
    {file = "typing_extensions-4.16.0.tar.gz", hash = "sha256:dc983d19a509c94dba722ee6abd33940f7c05a89e243c47e907eb4db6f1a43e5"},
]

[metadata]
lock-version = "2.1"
python-versions = ">=3.10"
content-hash = "ae5f9850b5adc399955a613118933eb9e2303e8298922fe4bf892996b8d3260e"
